
Microsoft Visual Studio Solution File, Format Version 11.00
# Visual Studio 2010
Project("{FAE04EC0-301F-11D3-BF4B-00C04F79EFBC}") = "UnityEngine.TestRunner", "UnityEngine.TestRunner.csproj", "{c54ce9d1-da13-b336-4b41-8ceeefd02789}"
EndProject
Project("{FAE04EC0-301F-11D3-BF4B-00C04F79EFBC}") = "Unity.Timeline", "Unity.Timeline.csproj", "{4682fc96-4a54-5d2f-3559-76a616b4eb8c}"
EndProject
Project("{FAE04EC0-301F-11D3-BF4B-00C04F79EFBC}") = "UnityEngine.UI", "UnityEngine.UI.csproj", "{693768c3-fda4-eb57-e302-dad5bf82f515}"
EndProject
Project("{FAE04EC0-301F-11D3-BF4B-00C04F79EFBC}") = "Unity.TextMeshPro", "Unity.TextMeshPro.csproj", "{a0e1317e-4831-c883-9c1d-7957791e2c0d}"
EndProject
Project("{FAE04EC0-301F-11D3-BF4B-00C04F79EFBC}") = "Assembly-CSharp", "Assembly-CSharp.csproj", "{2df46b08-b7b9-7f93-a6f2-6fec36d29a91}"
EndProject
Project("{FAE04EC0-301F-11D3-BF4B-00C04F79EFBC}") = "UnityEditor.TestRunner", "UnityEditor.TestRunner.csproj", "{1513b8ee-57f6-def2-b996-e534e809baaf}"
EndProject
Project("{FAE04EC0-301F-11D3-BF4B-00C04F79EFBC}") = "Unity.PlasticSCM.Editor", "Unity.PlasticSCM.Editor.csproj", "{9c94c31a-d981-7c8b-6a7b-b7e37c3c4b9a}"
EndProject
Project("{FAE04EC0-301F-11D3-BF4B-00C04F79EFBC}") = "UnityEditor.UI", "UnityEditor.UI.csproj", "{a9a29534-a98d-073c-9bf1-fdf47486f76b}"
EndProject
Project("{FAE04EC0-301F-11D3-BF4B-00C04F79EFBC}") = "Unity.Timeline.Editor", "Unity.Timeline.Editor.csproj", "{bf56a628-43ad-7a4e-e1c8-cdcaa40e0729}"
EndProject
Project("{FAE04EC0-301F-11D3-BF4B-00C04F79EFBC}") = "Unity.VisualStudio.Editor", "Unity.VisualStudio.Editor.csproj", "{3731cc22-3ce8-aa0c-c0e1-8c655dc12986}"
EndProject
Project("{FAE04EC0-301F-11D3-BF4B-00C04F79EFBC}") = "Unity.TextMeshPro.Editor", "Unity.TextMeshPro.Editor.csproj", "{e7cc7e4f-708c-69c0-c859-4fa6e5e91f3e}"
EndProject
Project("{FAE04EC0-301F-11D3-BF4B-00C04F79EFBC}") = "Unity.CollabProxy.Editor", "Unity.CollabProxy.Editor.csproj", "{2b9e11c4-a420-f613-a12c-9c0336a34e1e}"
EndProject
Project("{FAE04EC0-301F-11D3-BF4B-00C04F79EFBC}") = "Unity.Rider.Editor", "Unity.Rider.Editor.csproj", "{70a07071-7c90-3eb7-8b7a-4113cb3f1b0b}"
EndProject
Project("{FAE04EC0-301F-11D3-BF4B-00C04F79EFBC}") = "Unity.VSCode.Editor", "Unity.VSCode.Editor.csproj", "{e3cb19a6-4ee6-84dc-2ea8-cb56e136e100}"
EndProject
Global
	GlobalSection(SolutionConfigurationPlatforms) = preSolution
		Debug|Any CPU = Debug|Any CPU
	EndGlobalSection
	GlobalSection(ProjectConfigurationPlatforms) = postSolution
		{c54ce9d1-da13-b336-4b41-8ceeefd02789}.Debug|Any CPU.ActiveCfg = Debug|Any CPU
		{c54ce9d1-da13-b336-4b41-8ceeefd02789}.Debug|Any CPU.Build.0 = Debug|Any CPU
		{4682fc96-4a54-5d2f-3559-76a616b4eb8c}.Debug|Any CPU.ActiveCfg = Debug|Any CPU
		{4682fc96-4a54-5d2f-3559-76a616b4eb8c}.Debug|Any CPU.Build.0 = Debug|Any CPU
		{693768c3-fda4-eb57-e302-dad5bf82f515}.Debug|Any CPU.ActiveCfg = Debug|Any CPU
		{693768c3-fda4-eb57-e302-dad5bf82f515}.Debug|Any CPU.Build.0 = Debug|Any CPU
		{a0e1317e-4831-c883-9c1d-7957791e2c0d}.Debug|Any CPU.ActiveCfg = Debug|Any CPU
		{a0e1317e-4831-c883-9c1d-7957791e2c0d}.Debug|Any CPU.Build.0 = Debug|Any CPU
		{2df46b08-b7b9-7f93-a6f2-6fec36d29a91}.Debug|Any CPU.ActiveCfg = Debug|Any CPU
		{2df46b08-b7b9-7f93-a6f2-6fec36d29a91}.Debug|Any CPU.Build.0 = Debug|Any CPU
		{1513b8ee-57f6-def2-b996-e534e809baaf}.Debug|Any CPU.ActiveCfg = Debug|Any CPU
		{1513b8ee-57f6-def2-b996-e534e809baaf}.Debug|Any CPU.Build.0 = Debug|Any CPU
		{9c94c31a-d981-7c8b-6a7b-b7e37c3c4b9a}.Debug|Any CPU.ActiveCfg = Debug|Any CPU
		{9c94c31a-d981-7c8b-6a7b-b7e37c3c4b9a}.Debug|Any CPU.Build.0 = Debug|Any CPU
		{a9a29534-a98d-073c-9bf1-fdf47486f76b}.Debug|Any CPU.ActiveCfg = Debug|Any CPU
		{a9a29534-a98d-073c-9bf1-fdf47486f76b}.Debug|Any CPU.Build.0 = Debug|Any CPU
		{bf56a628-43ad-7a4e-e1c8-cdcaa40e0729}.Debug|Any CPU.ActiveCfg = Debug|Any CPU
		{bf56a628-43ad-7a4e-e1c8-cdcaa40e0729}.Debug|Any CPU.Build.0 = Debug|Any CPU
		{3731cc22-3ce8-aa0c-c0e1-8c655dc12986}.Debug|Any CPU.ActiveCfg = Debug|Any CPU
		{3731cc22-3ce8-aa0c-c0e1-8c655dc12986}.Debug|Any CPU.Build.0 = Debug|Any CPU
		{e7cc7e4f-708c-69c0-c859-4fa6e5e91f3e}.Debug|Any CPU.ActiveCfg = Debug|Any CPU
		{e7cc7e4f-708c-69c0-c859-4fa6e5e91f3e}.Debug|Any CPU.Build.0 = Debug|Any CPU
		{2b9e11c4-a420-f613-a12c-9c0336a34e1e}.Debug|Any CPU.ActiveCfg = Debug|Any CPU
		{2b9e11c4-a420-f613-a12c-9c0336a34e1e}.Debug|Any CPU.Build.0 = Debug|Any CPU
		{70a07071-7c90-3eb7-8b7a-4113cb3f1b0b}.Debug|Any CPU.ActiveCfg = Debug|Any CPU
		{70a07071-7c90-3eb7-8b7a-4113cb3f1b0b}.Debug|Any CPU.Build.0 = Debug|Any CPU
		{e3cb19a6-4ee6-84dc-2ea8-cb56e136e100}.Debug|Any CPU.ActiveCfg = Debug|Any CPU
		{e3cb19a6-4ee6-84dc-2ea8-cb56e136e100}.Debug|Any CPU.Build.0 = Debug|Any CPU
	EndGlobalSection
	GlobalSection(SolutionProperties) = preSolution
		HideSolutionNode = FALSE
	EndGlobalSection
EndGlobal
