
Microsoft Visual Studio Solution File, Format Version 11.00
# Visual Studio 2010
Project("{FAE04EC0-301F-11D3-BF4B-00C04F79EFBC}") = "UnityEngine.TestRunner", "UnityEngine.TestRunner.csproj", "{c54ce9d1-da13-b336-4b41-8ceeefd02789}"
EndProject
Project("{FAE04EC0-301F-11D3-BF4B-00C04F79EFBC}") = "Unity.Mathematics", "Unity.Mathematics.csproj", "{86f783eb-5f0b-5cfa-7020-24b1590ef84e}"
EndProject
Project("{FAE04EC0-301F-11D3-BF4B-00C04F79EFBC}") = "Unity.2D.Animation.Triangle.Runtime", "Unity.2D.Animation.Triangle.Runtime.csproj", "{68e76d81-eece-bf2a-9d46-c9366826ff45}"
EndProject
Project("{FAE04EC0-301F-11D3-BF4B-00C04F79EFBC}") = "Unity.Timeline", "Unity.Timeline.csproj", "{4682fc96-4a54-5d2f-3559-76a616b4eb8c}"
EndProject
Project("{FAE04EC0-301F-11D3-BF4B-00C04F79EFBC}") = "UnityEngine.UI", "UnityEngine.UI.csproj", "{693768c3-fda4-eb57-e302-dad5bf82f515}"
EndProject
Project("{FAE04EC0-301F-11D3-BF4B-00C04F79EFBC}") = "Unity.TextMeshPro", "Unity.TextMeshPro.csproj", "{a0e1317e-4831-c883-9c1d-7957791e2c0d}"
EndProject
Project("{FAE04EC0-301F-11D3-BF4B-00C04F79EFBC}") = "Unity.2D.Animation.Runtime", "Unity.2D.Animation.Runtime.csproj", "{4aca6c59-468f-f8f3-6244-da2d253b8056}"
EndProject
Project("{FAE04EC0-301F-11D3-BF4B-00C04F79EFBC}") = "Unity.2D.IK.Runtime", "Unity.2D.IK.Runtime.csproj", "{01261dc2-4a52-fa59-b0f8-aa5da357b7bd}"
EndProject
Project("{FAE04EC0-301F-11D3-BF4B-00C04F79EFBC}") = "Unity.2D.SpriteShape.Runtime", "Unity.2D.SpriteShape.Runtime.csproj", "{8e3b0ddd-5f83-4bf4-85aa-de6972edabdb}"
EndProject
Project("{FAE04EC0-301F-11D3-BF4B-00C04F79EFBC}") = "Unity.2D.PixelPerfect", "Unity.2D.PixelPerfect.csproj", "{4352324d-bc1d-25b4-1a3c-2abc5ad86eee}"
EndProject
Project("{FAE04EC0-301F-11D3-BF4B-00C04F79EFBC}") = "Unity.2D.Common.Runtime", "Unity.2D.Common.Runtime.csproj", "{289dc01d-f1a3-7e2b-b118-494281cfe8ee}"
EndProject
Project("{FAE04EC0-301F-11D3-BF4B-00C04F79EFBC}") = "Unity.InternalAPIEngineBridge.001", "Unity.InternalAPIEngineBridge.001.csproj", "{dac16e61-10e5-93c6-39f4-dfaf0e78368c}"
EndProject
Project("{FAE04EC0-301F-11D3-BF4B-00C04F79EFBC}") = "Assembly-CSharp", "Assembly-CSharp.csproj", "{2df46b08-b7b9-7f93-a6f2-6fec36d29a91}"
EndProject
Project("{FAE04EC0-301F-11D3-BF4B-00C04F79EFBC}") = "UnityEditor.TestRunner", "UnityEditor.TestRunner.csproj", "{1513b8ee-57f6-def2-b996-e534e809baaf}"
EndProject
Project("{FAE04EC0-301F-11D3-BF4B-00C04F79EFBC}") = "Unity.PlasticSCM.Editor", "Unity.PlasticSCM.Editor.csproj", "{9c94c31a-d981-7c8b-6a7b-b7e37c3c4b9a}"
EndProject
Project("{FAE04EC0-301F-11D3-BF4B-00C04F79EFBC}") = "UnityEditor.UI", "UnityEditor.UI.csproj", "{a9a29534-a98d-073c-9bf1-fdf47486f76b}"
EndProject
Project("{FAE04EC0-301F-11D3-BF4B-00C04F79EFBC}") = "Unity.Timeline.Editor", "Unity.Timeline.Editor.csproj", "{bf56a628-43ad-7a4e-e1c8-cdcaa40e0729}"
EndProject
Project("{FAE04EC0-301F-11D3-BF4B-00C04F79EFBC}") = "Unity.VisualStudio.Editor", "Unity.VisualStudio.Editor.csproj", "{3731cc22-3ce8-aa0c-c0e1-8c655dc12986}"
EndProject
Project("{FAE04EC0-301F-11D3-BF4B-00C04F79EFBC}") = "Unity.2D.Psdimporter.Editor", "Unity.2D.Psdimporter.Editor.csproj", "{7af777af-ed33-b2d2-5070-4872a0731ed0}"
EndProject
Project("{FAE04EC0-301F-11D3-BF4B-00C04F79EFBC}") = "Unity.2D.Animation.Editor", "Unity.2D.Animation.Editor.csproj", "{bf8d127c-c284-630f-2ac0-da38e9ea2881}"
EndProject
Project("{FAE04EC0-301F-11D3-BF4B-00C04F79EFBC}") = "Unity.TextMeshPro.Editor", "Unity.TextMeshPro.Editor.csproj", "{e7cc7e4f-708c-69c0-c859-4fa6e5e91f3e}"
EndProject
Project("{FAE04EC0-301F-11D3-BF4B-00C04F79EFBC}") = "Unity.2D.SpriteShape.Editor", "Unity.2D.SpriteShape.Editor.csproj", "{1a660901-d522-5197-814c-bf8a9235806f}"
EndProject
Project("{FAE04EC0-301F-11D3-BF4B-00C04F79EFBC}") = "Unity.CollabProxy.Editor", "Unity.CollabProxy.Editor.csproj", "{2b9e11c4-a420-f613-a12c-9c0336a34e1e}"
EndProject
Project("{FAE04EC0-301F-11D3-BF4B-00C04F79EFBC}") = "PsdPlugin", "PsdPlugin.csproj", "{c70f4ee1-faab-da28-028e-6f7fb72cbd74}"
EndProject
Project("{FAE04EC0-301F-11D3-BF4B-00C04F79EFBC}") = "Unity.2D.Path.Editor", "Unity.2D.Path.Editor.csproj", "{6c6b28ec-cebe-e365-741a-d0861041fdc8}"
EndProject
Project("{FAE04EC0-301F-11D3-BF4B-00C04F79EFBC}") = "Unity.Rider.Editor", "Unity.Rider.Editor.csproj", "{70a07071-7c90-3eb7-8b7a-4113cb3f1b0b}"
EndProject
Project("{FAE04EC0-301F-11D3-BF4B-00C04F79EFBC}") = "Unity.2D.IK.Editor", "Unity.2D.IK.Editor.csproj", "{f4552011-e48b-692d-ad2a-6f9feea6689f}"
EndProject
Project("{FAE04EC0-301F-11D3-BF4B-00C04F79EFBC}") = "Unity.2D.Sprite.Editor", "Unity.2D.Sprite.Editor.csproj", "{f13c2f8a-0dd2-90ba-e1b6-3aa5097448b0}"
EndProject
Project("{FAE04EC0-301F-11D3-BF4B-00C04F79EFBC}") = "Unity.2D.Tilemap.Editor", "Unity.2D.Tilemap.Editor.csproj", "{780dcf3c-dca2-3bf4-8615-73014d6c674f}"
EndProject
Project("{FAE04EC0-301F-11D3-BF4B-00C04F79EFBC}") = "Unity.2D.PixelPerfect.Editor", "Unity.2D.PixelPerfect.Editor.csproj", "{854835e0-9fb8-5413-b1bf-4616ffdecadd}"
EndProject
Project("{FAE04EC0-301F-11D3-BF4B-00C04F79EFBC}") = "Unity.VSCode.Editor", "Unity.VSCode.Editor.csproj", "{e3cb19a6-4ee6-84dc-2ea8-cb56e136e100}"
EndProject
Project("{FAE04EC0-301F-11D3-BF4B-00C04F79EFBC}") = "Unity.2D.Common.Editor", "Unity.2D.Common.Editor.csproj", "{6dfa08cb-3023-a5b0-722d-61bbbf57ef74}"
EndProject
Project("{FAE04EC0-301F-11D3-BF4B-00C04F79EFBC}") = "Unity.Mathematics.Editor", "Unity.Mathematics.Editor.csproj", "{b5e32ff9-0a05-c0f3-cb61-d4b576b4f84d}"
EndProject
Project("{FAE04EC0-301F-11D3-BF4B-00C04F79EFBC}") = "Unity.InternalAPIEditorBridge.001", "Unity.InternalAPIEditorBridge.001.csproj", "{c2cd71ee-63a8-4872-e033-4d8cb11c2f27}"
EndProject
Global
	GlobalSection(SolutionConfigurationPlatforms) = preSolution
		Debug|Any CPU = Debug|Any CPU
	EndGlobalSection
	GlobalSection(ProjectConfigurationPlatforms) = postSolution
		{c54ce9d1-da13-b336-4b41-8ceeefd02789}.Debug|Any CPU.ActiveCfg = Debug|Any CPU
		{c54ce9d1-da13-b336-4b41-8ceeefd02789}.Debug|Any CPU.Build.0 = Debug|Any CPU
		{86f783eb-5f0b-5cfa-7020-24b1590ef84e}.Debug|Any CPU.ActiveCfg = Debug|Any CPU
		{86f783eb-5f0b-5cfa-7020-24b1590ef84e}.Debug|Any CPU.Build.0 = Debug|Any CPU
		{68e76d81-eece-bf2a-9d46-c9366826ff45}.Debug|Any CPU.ActiveCfg = Debug|Any CPU
		{68e76d81-eece-bf2a-9d46-c9366826ff45}.Debug|Any CPU.Build.0 = Debug|Any CPU
		{4682fc96-4a54-5d2f-3559-76a616b4eb8c}.Debug|Any CPU.ActiveCfg = Debug|Any CPU
		{4682fc96-4a54-5d2f-3559-76a616b4eb8c}.Debug|Any CPU.Build.0 = Debug|Any CPU
		{693768c3-fda4-eb57-e302-dad5bf82f515}.Debug|Any CPU.ActiveCfg = Debug|Any CPU
		{693768c3-fda4-eb57-e302-dad5bf82f515}.Debug|Any CPU.Build.0 = Debug|Any CPU
		{a0e1317e-4831-c883-9c1d-7957791e2c0d}.Debug|Any CPU.ActiveCfg = Debug|Any CPU
		{a0e1317e-4831-c883-9c1d-7957791e2c0d}.Debug|Any CPU.Build.0 = Debug|Any CPU
		{4aca6c59-468f-f8f3-6244-da2d253b8056}.Debug|Any CPU.ActiveCfg = Debug|Any CPU
		{4aca6c59-468f-f8f3-6244-da2d253b8056}.Debug|Any CPU.Build.0 = Debug|Any CPU
		{01261dc2-4a52-fa59-b0f8-aa5da357b7bd}.Debug|Any CPU.ActiveCfg = Debug|Any CPU
		{01261dc2-4a52-fa59-b0f8-aa5da357b7bd}.Debug|Any CPU.Build.0 = Debug|Any CPU
		{8e3b0ddd-5f83-4bf4-85aa-de6972edabdb}.Debug|Any CPU.ActiveCfg = Debug|Any CPU
		{8e3b0ddd-5f83-4bf4-85aa-de6972edabdb}.Debug|Any CPU.Build.0 = Debug|Any CPU
		{4352324d-bc1d-25b4-1a3c-2abc5ad86eee}.Debug|Any CPU.ActiveCfg = Debug|Any CPU
		{4352324d-bc1d-25b4-1a3c-2abc5ad86eee}.Debug|Any CPU.Build.0 = Debug|Any CPU
		{289dc01d-f1a3-7e2b-b118-494281cfe8ee}.Debug|Any CPU.ActiveCfg = Debug|Any CPU
		{289dc01d-f1a3-7e2b-b118-494281cfe8ee}.Debug|Any CPU.Build.0 = Debug|Any CPU
		{dac16e61-10e5-93c6-39f4-dfaf0e78368c}.Debug|Any CPU.ActiveCfg = Debug|Any CPU
		{dac16e61-10e5-93c6-39f4-dfaf0e78368c}.Debug|Any CPU.Build.0 = Debug|Any CPU
		{2df46b08-b7b9-7f93-a6f2-6fec36d29a91}.Debug|Any CPU.ActiveCfg = Debug|Any CPU
		{2df46b08-b7b9-7f93-a6f2-6fec36d29a91}.Debug|Any CPU.Build.0 = Debug|Any CPU
		{1513b8ee-57f6-def2-b996-e534e809baaf}.Debug|Any CPU.ActiveCfg = Debug|Any CPU
		{1513b8ee-57f6-def2-b996-e534e809baaf}.Debug|Any CPU.Build.0 = Debug|Any CPU
		{9c94c31a-d981-7c8b-6a7b-b7e37c3c4b9a}.Debug|Any CPU.ActiveCfg = Debug|Any CPU
		{9c94c31a-d981-7c8b-6a7b-b7e37c3c4b9a}.Debug|Any CPU.Build.0 = Debug|Any CPU
		{a9a29534-a98d-073c-9bf1-fdf47486f76b}.Debug|Any CPU.ActiveCfg = Debug|Any CPU
		{a9a29534-a98d-073c-9bf1-fdf47486f76b}.Debug|Any CPU.Build.0 = Debug|Any CPU
		{bf56a628-43ad-7a4e-e1c8-cdcaa40e0729}.Debug|Any CPU.ActiveCfg = Debug|Any CPU
		{bf56a628-43ad-7a4e-e1c8-cdcaa40e0729}.Debug|Any CPU.Build.0 = Debug|Any CPU
		{3731cc22-3ce8-aa0c-c0e1-8c655dc12986}.Debug|Any CPU.ActiveCfg = Debug|Any CPU
		{3731cc22-3ce8-aa0c-c0e1-8c655dc12986}.Debug|Any CPU.Build.0 = Debug|Any CPU
		{7af777af-ed33-b2d2-5070-4872a0731ed0}.Debug|Any CPU.ActiveCfg = Debug|Any CPU
		{7af777af-ed33-b2d2-5070-4872a0731ed0}.Debug|Any CPU.Build.0 = Debug|Any CPU
		{bf8d127c-c284-630f-2ac0-da38e9ea2881}.Debug|Any CPU.ActiveCfg = Debug|Any CPU
		{bf8d127c-c284-630f-2ac0-da38e9ea2881}.Debug|Any CPU.Build.0 = Debug|Any CPU
		{e7cc7e4f-708c-69c0-c859-4fa6e5e91f3e}.Debug|Any CPU.ActiveCfg = Debug|Any CPU
		{e7cc7e4f-708c-69c0-c859-4fa6e5e91f3e}.Debug|Any CPU.Build.0 = Debug|Any CPU
		{1a660901-d522-5197-814c-bf8a9235806f}.Debug|Any CPU.ActiveCfg = Debug|Any CPU
		{1a660901-d522-5197-814c-bf8a9235806f}.Debug|Any CPU.Build.0 = Debug|Any CPU
		{2b9e11c4-a420-f613-a12c-9c0336a34e1e}.Debug|Any CPU.ActiveCfg = Debug|Any CPU
		{2b9e11c4-a420-f613-a12c-9c0336a34e1e}.Debug|Any CPU.Build.0 = Debug|Any CPU
		{c70f4ee1-faab-da28-028e-6f7fb72cbd74}.Debug|Any CPU.ActiveCfg = Debug|Any CPU
		{c70f4ee1-faab-da28-028e-6f7fb72cbd74}.Debug|Any CPU.Build.0 = Debug|Any CPU
		{6c6b28ec-cebe-e365-741a-d0861041fdc8}.Debug|Any CPU.ActiveCfg = Debug|Any CPU
		{6c6b28ec-cebe-e365-741a-d0861041fdc8}.Debug|Any CPU.Build.0 = Debug|Any CPU
		{70a07071-7c90-3eb7-8b7a-4113cb3f1b0b}.Debug|Any CPU.ActiveCfg = Debug|Any CPU
		{70a07071-7c90-3eb7-8b7a-4113cb3f1b0b}.Debug|Any CPU.Build.0 = Debug|Any CPU
		{f4552011-e48b-692d-ad2a-6f9feea6689f}.Debug|Any CPU.ActiveCfg = Debug|Any CPU
		{f4552011-e48b-692d-ad2a-6f9feea6689f}.Debug|Any CPU.Build.0 = Debug|Any CPU
		{f13c2f8a-0dd2-90ba-e1b6-3aa5097448b0}.Debug|Any CPU.ActiveCfg = Debug|Any CPU
		{f13c2f8a-0dd2-90ba-e1b6-3aa5097448b0}.Debug|Any CPU.Build.0 = Debug|Any CPU
		{780dcf3c-dca2-3bf4-8615-73014d6c674f}.Debug|Any CPU.ActiveCfg = Debug|Any CPU
		{780dcf3c-dca2-3bf4-8615-73014d6c674f}.Debug|Any CPU.Build.0 = Debug|Any CPU
		{854835e0-9fb8-5413-b1bf-4616ffdecadd}.Debug|Any CPU.ActiveCfg = Debug|Any CPU
		{854835e0-9fb8-5413-b1bf-4616ffdecadd}.Debug|Any CPU.Build.0 = Debug|Any CPU
		{e3cb19a6-4ee6-84dc-2ea8-cb56e136e100}.Debug|Any CPU.ActiveCfg = Debug|Any CPU
		{e3cb19a6-4ee6-84dc-2ea8-cb56e136e100}.Debug|Any CPU.Build.0 = Debug|Any CPU
		{6dfa08cb-3023-a5b0-722d-61bbbf57ef74}.Debug|Any CPU.ActiveCfg = Debug|Any CPU
		{6dfa08cb-3023-a5b0-722d-61bbbf57ef74}.Debug|Any CPU.Build.0 = Debug|Any CPU
		{b5e32ff9-0a05-c0f3-cb61-d4b576b4f84d}.Debug|Any CPU.ActiveCfg = Debug|Any CPU
		{b5e32ff9-0a05-c0f3-cb61-d4b576b4f84d}.Debug|Any CPU.Build.0 = Debug|Any CPU
		{c2cd71ee-63a8-4872-e033-4d8cb11c2f27}.Debug|Any CPU.ActiveCfg = Debug|Any CPU
		{c2cd71ee-63a8-4872-e033-4d8cb11c2f27}.Debug|Any CPU.Build.0 = Debug|Any CPU
	EndGlobalSection
	GlobalSection(SolutionProperties) = preSolution
		HideSolutionNode = FALSE
	EndGlobalSection
EndGlobal
